
Microsoft Visual Studio Solution File, Format Version 12.00
# Visual Studio Version 17
VisualStudioVersion = 17.5.002.0
MinimumVisualStudioVersion = 10.0.40219.1
Project("{2150E333-8FDC-42A3-9474-1A3956D46DE8}") = "src", "src", "{9B30BB06-C645-4229-8781-969624173A1A}"
EndProject
Project("{9A19103F-16F7-4668-BE54-9A1E7A4F7556}") = "Play.Inventory.Contracts", "src\Play.Inventory.Contracts\Play.Inventory.Contracts.csproj", "{56E82546-FD56-4571-9E76-3040A38F1BF0}"
EndProject
Project("{9A19103F-16F7-4668-BE54-9A1E7A4F7556}") = "Play.Inventory.Service", "src\Play.Inventory.Service\Play.Inventory.Service.csproj", "{D7DC0FF0-453E-40D7-9DF5-3D16446D52C3}"
EndProject
Global
	GlobalSection(SolutionConfigurationPlatforms) = preSolution
		Debug|Any CPU = Debug|Any CPU
		Release|Any CPU = Release|Any CPU
	EndGlobalSection
	GlobalSection(ProjectConfigurationPlatforms) = postSolution
		{56E82546-FD56-4571-9E76-3040A38F1BF0}.Debug|Any CPU.ActiveCfg = Debug|Any CPU
		{56E82546-FD56-4571-9E76-3040A38F1BF0}.Debug|Any CPU.Build.0 = Debug|Any CPU
		{56E82546-FD56-4571-9E76-3040A38F1BF0}.Release|Any CPU.ActiveCfg = Release|Any CPU
		{56E82546-FD56-4571-9E76-3040A38F1BF0}.Release|Any CPU.Build.0 = Release|Any CPU
		{D7DC0FF0-453E-40D7-9DF5-3D16446D52C3}.Debug|Any CPU.ActiveCfg = Debug|Any CPU
		{D7DC0FF0-453E-40D7-9DF5-3D16446D52C3}.Debug|Any CPU.Build.0 = Debug|Any CPU
		{D7DC0FF0-453E-40D7-9DF5-3D16446D52C3}.Release|Any CPU.ActiveCfg = Release|Any CPU
		{D7DC0FF0-453E-40D7-9DF5-3D16446D52C3}.Release|Any CPU.Build.0 = Release|Any CPU
	EndGlobalSection
	GlobalSection(SolutionProperties) = preSolution
		HideSolutionNode = FALSE
	EndGlobalSection
	GlobalSection(NestedProjects) = preSolution
		{56E82546-FD56-4571-9E76-3040A38F1BF0} = {9B30BB06-C645-4229-8781-969624173A1A}
		{D7DC0FF0-453E-40D7-9DF5-3D16446D52C3} = {9B30BB06-C645-4229-8781-969624173A1A}
	EndGlobalSection
	GlobalSection(ExtensibilityGlobals) = postSolution
		SolutionGuid = {3AED27B5-7934-4DF5-85AB-C489344BD689}
	EndGlobalSection
EndGlobal
